
Microsoft Visual Studio Solution File, Format Version 12.00
# Visual Studio Version 17
VisualStudioVersion = 17.12.35707.178
MinimumVisualStudioVersion = 10.0.40219.1
Project("{2150E333-8FDC-42A3-9474-1A3956D46DE8}") = "src", "src", "{F29FE9F6-BA94-4537-A85F-E4908807EEBC}"
EndProject
Project("{FAE04EC0-301F-11D3-BF4B-00C04F79EFBC}") = "BillsFlow.Domain", "BillsFlow.Domain\BillsFlow.Domain.csproj", "{060C30C9-B239-454B-94E4-E2E3D84FCD7D}"
EndProject
Project("{FAE04EC0-301F-11D3-BF4B-00C04F79EFBC}") = "BillsFlow.Application", "BillsFlow.Application\BillsFlow.Application.csproj", "{EC165B81-FDBB-40EE-ACE7-34E404B28FEC}"
EndProject
Project("{FAE04EC0-301F-11D3-BF4B-00C04F79EFBC}") = "BillsFlow.Infrastructure", "BillsFlow.Infrastructure\BillsFlow.Infrastructure.csproj", "{8B194B31-7471-40A5-B69C-042AF4A1E5EA}"
EndProject
Project("{FAE04EC0-301F-11D3-BF4B-00C04F79EFBC}") = "BillsFlow.Api", "BillsFlow.Api\BillsFlow.Api.csproj", "{CD4FF256-A4DD-4FC7-9C14-D85D0860D315}"
EndProject
Project("{E53339B2-1760-4266-BCC7-CA923CBCF16C}") = "docker-compose", "docker-compose.dcproj", "{20E44604-F369-433A-BEC9-D4AC61F345C6}"
EndProject
Global
	GlobalSection(SolutionConfigurationPlatforms) = preSolution
		Debug|Any CPU = Debug|Any CPU
		Release|Any CPU = Release|Any CPU
	EndGlobalSection
	GlobalSection(ProjectConfigurationPlatforms) = postSolution
		{060C30C9-B239-454B-94E4-E2E3D84FCD7D}.Debug|Any CPU.ActiveCfg = Debug|Any CPU
		{060C30C9-B239-454B-94E4-E2E3D84FCD7D}.Debug|Any CPU.Build.0 = Debug|Any CPU
		{060C30C9-B239-454B-94E4-E2E3D84FCD7D}.Release|Any CPU.ActiveCfg = Release|Any CPU
		{060C30C9-B239-454B-94E4-E2E3D84FCD7D}.Release|Any CPU.Build.0 = Release|Any CPU
		{EC165B81-FDBB-40EE-ACE7-34E404B28FEC}.Debug|Any CPU.ActiveCfg = Debug|Any CPU
		{EC165B81-FDBB-40EE-ACE7-34E404B28FEC}.Debug|Any CPU.Build.0 = Debug|Any CPU
		{EC165B81-FDBB-40EE-ACE7-34E404B28FEC}.Release|Any CPU.ActiveCfg = Release|Any CPU
		{EC165B81-FDBB-40EE-ACE7-34E404B28FEC}.Release|Any CPU.Build.0 = Release|Any CPU
		{8B194B31-7471-40A5-B69C-042AF4A1E5EA}.Debug|Any CPU.ActiveCfg = Debug|Any CPU
		{8B194B31-7471-40A5-B69C-042AF4A1E5EA}.Debug|Any CPU.Build.0 = Debug|Any CPU
		{8B194B31-7471-40A5-B69C-042AF4A1E5EA}.Release|Any CPU.ActiveCfg = Release|Any CPU
		{8B194B31-7471-40A5-B69C-042AF4A1E5EA}.Release|Any CPU.Build.0 = Release|Any CPU
		{CD4FF256-A4DD-4FC7-9C14-D85D0860D315}.Debug|Any CPU.ActiveCfg = Debug|Any CPU
		{CD4FF256-A4DD-4FC7-9C14-D85D0860D315}.Debug|Any CPU.Build.0 = Debug|Any CPU
		{CD4FF256-A4DD-4FC7-9C14-D85D0860D315}.Release|Any CPU.ActiveCfg = Release|Any CPU
		{CD4FF256-A4DD-4FC7-9C14-D85D0860D315}.Release|Any CPU.Build.0 = Release|Any CPU
		{20E44604-F369-433A-BEC9-D4AC61F345C6}.Debug|Any CPU.ActiveCfg = Debug|Any CPU
		{20E44604-F369-433A-BEC9-D4AC61F345C6}.Debug|Any CPU.Build.0 = Debug|Any CPU
		{20E44604-F369-433A-BEC9-D4AC61F345C6}.Release|Any CPU.ActiveCfg = Release|Any CPU
		{20E44604-F369-433A-BEC9-D4AC61F345C6}.Release|Any CPU.Build.0 = Release|Any CPU
	EndGlobalSection
	GlobalSection(SolutionProperties) = preSolution
		HideSolutionNode = FALSE
	EndGlobalSection
	GlobalSection(NestedProjects) = preSolution
		{060C30C9-B239-454B-94E4-E2E3D84FCD7D} = {F29FE9F6-BA94-4537-A85F-E4908807EEBC}
		{EC165B81-FDBB-40EE-ACE7-34E404B28FEC} = {F29FE9F6-BA94-4537-A85F-E4908807EEBC}
		{8B194B31-7471-40A5-B69C-042AF4A1E5EA} = {F29FE9F6-BA94-4537-A85F-E4908807EEBC}
		{CD4FF256-A4DD-4FC7-9C14-D85D0860D315} = {F29FE9F6-BA94-4537-A85F-E4908807EEBC}
	EndGlobalSection
EndGlobal
